
Microsoft Visual Studio Solution File, Format Version 12.00
# Visual Studio Version 17
VisualStudioVersion = 17.9.34714.143
MinimumVisualStudioVersion = 10.0.40219.1
Project("{FAE04EC0-301F-11D3-BF4B-00C04F79EFBC}") = "Auth-API", "Auth-API\Auth-API.csproj", "{C35DAEF5-24EF-4337-B552-E8726E700743}"
EndProject
Global
	GlobalSection(SolutionConfigurationPlatforms) = preSolution
		Debug|Any CPU = Debug|Any CPU
		Release|Any CPU = Release|Any CPU
	EndGlobalSection
	GlobalSection(ProjectConfigurationPlatforms) = postSolution
		{C35DAEF5-24EF-4337-B552-E8726E700743}.Debug|Any CPU.ActiveCfg = Debug|Any CPU
		{C35DAEF5-24EF-4337-B552-E8726E700743}.Debug|Any CPU.Build.0 = Debug|Any CPU
		{C35DAEF5-24EF-4337-B552-E8726E700743}.Release|Any CPU.ActiveCfg = Release|Any CPU
		{C35DAEF5-24EF-4337-B552-E8726E700743}.Release|Any CPU.Build.0 = Release|Any CPU
	EndGlobalSection
	GlobalSection(SolutionProperties) = preSolution
		HideSolutionNode = FALSE
	EndGlobalSection
	GlobalSection(ExtensibilityGlobals) = postSolution
		SolutionGuid = {EBFE45BB-6D4C-44CF-ADEC-80FD2EC210B2}
	EndGlobalSection
EndGlobal
